
Microsoft Visual Studio Solution File, Format Version 12.00
# Visual Studio Version 17
VisualStudioVersion = 17.14.36221.1 d17.14
MinimumVisualStudioVersion = 10.0.40219.1
Project("{FAE04EC0-301F-11D3-BF4B-00C04F79EFBC}") = "Session-3-C#", "Session-3-C#\Session-3-C#.csproj", "{C121D620-4D88-4E6C-A428-3B77AE51C323}"
EndProject
Global
	GlobalSection(SolutionConfigurationPlatforms) = preSolution
		Debug|Any CPU = Debug|Any CPU
		Release|Any CPU = Release|Any CPU
	EndGlobalSection
	GlobalSection(ProjectConfigurationPlatforms) = postSolution
		{C121D620-4D88-4E6C-A428-3B77AE51C323}.Debug|Any CPU.ActiveCfg = Debug|Any CPU
		{C121D620-4D88-4E6C-A428-3B77AE51C323}.Debug|Any CPU.Build.0 = Debug|Any CPU
		{C121D620-4D88-4E6C-A428-3B77AE51C323}.Release|Any CPU.ActiveCfg = Release|Any CPU
		{C121D620-4D88-4E6C-A428-3B77AE51C323}.Release|Any CPU.Build.0 = Release|Any CPU
	EndGlobalSection
	GlobalSection(SolutionProperties) = preSolution
		HideSolutionNode = FALSE
	EndGlobalSection
	GlobalSection(ExtensibilityGlobals) = postSolution
		SolutionGuid = {80CDF02E-E6B3-4154-8B4C-EC5F480DB2F9}
	EndGlobalSection
EndGlobal
